github.com/a-h/templ v0.2.513 h1:ZmwGAOx4NYllnHy+FTpusc4+c5msoMpPIYX0Oy3dNqw=
github.com/a-h/templ v0.2.513/go.mod h1:9gZxTLtRzM3gQxO8jr09Na0v8/jfliS97S9W5SScanM=
github.com/andybalholm/brotli v1.0.5 h1:8uQZIdzKmjc/iuPu7O2ioW48L81FgatrcpfFmiq/cCs=
github.com/andybalholm/brotli v1.0.5/go.mod h1:fO7iG3H7G2nSZ7m0zPUDn85XEX2GTukHGRSepvi9Eig=
github.com/caarlos0/env/v10 v10.0.0 h1:yIHUBZGsyqCnpTkbjk8asUlx6RFhhEs+h7TOBdgdzXA=
github.com/caarlos0/env/v10 v10.0.0/go.mod h1:ZfulV76NvVPw3tm591U4SwL3Xx9ldzBP9aGxzeN7G18=
github.com/davecgh/go-spew v1.1.1 h1:vj9j/u1bqnvCEfJOwUhtlOARqs3+rkHYY13jYWTU97c=
github.com/davecgh/go-spew v1.1.1/go.mod h1:J7Y8YcW2NihsgmVo/mv3lAwl/skON4iLHjSsI+c5H38=
github.com/dustin/go-humanize v1.0.1 h1:GzkhY7T5VNhEkwH0PVJgjz+fX1rhBrR7pRT3mDkpeCY=
github.com/dustin/go-humanize v1.0.1/go.mod h1:Mu1zIs6XwVuF/gI1OepvI0qD18qycQx+mFykh5fBlto=
github.com/glebarez/go-sqlite v1.22.0 h1:uAcMJhaA6r3LHMTFgP0SifzgXg46yJkgxqyuyec+ruQ=
github.com/glebarez/go-sqlite v1.22.0/go.mod h1:PlBIdHe0+aUEFn+r2/uthrWq4FxbzugL0L8Li6yQJbc=
github.com/gofiber/fiber/v2 v2.52.0 h1:S+qXi7y+/Pgvqq4DrSmREGiFwtB7Bu6+QFLuIHYw/UE=
github.com/gofiber/fiber/v2 v2.52.0/go.mod h1:KEOE+cXMhXG0zHc9d8+E38hoX+ZN7bhOtgeF2oT6jrQ=
github.com/golang-jwt/jwt/v5 v5.2.0 h1:d/ix8ftRUorsN+5eMIlF4T6J8CAt9rch3My2winC1Jw=
github.com/golang-jwt/jwt/v5 v5.2.0/go.mod h1:pqrtFR0X4osieyHYxtmOUWsAWrfe1Q5UVIyoH402zdk=
github.com/google/go-cmp v0.6.0 h1:ofyhxvXcZhMsU5ulbFiLKl/XBFqE1GSq7atu8tAmTRI=
github.com/google/go-cmp v0.6.0/go.mod h1:17dUlkBOakJ0+DkrSSNjCkIjxS6bF9zb3elmeNGIjoY=
github.com/google/pprof v0.0.0-20221118152302-e6195bd50e26 h1:Xim43kblpZXfIBQsbuBVKCudVG457BR2GZFIz3uw3hQ=
github.com/google/pprof v0.0.0-20221118152302-e6195bd50e26/go.mod h1:dDKJzRmX4S37WGHujM7tX//fmj1uioxKzKxz3lo4HJo=
github.com/google/uuid v1.5.0 h1:1p67kYwdtXjb0gL0BPiP1Av9wiZPo5A8z2cWkTZ+eyU=
github.com/google/uuid v1.5.0/go.mod h1:TIyPZe4MgqvfeYDBFedMoGGpEw/LqOeaOT+nhxU+yHo=
github.com/klauspost/compress v1.17.0 h1:Rnbp4K9EjcDuVuHtd0dgA4qNuv9yKDYKK1ulpJwgrqM=
github.com/klauspost/compress v1.17.0/go.mod h1:ntbaceVETuRiXiv4DpjP66DpAtAGkEQskQzEyD//IeE=
github.com/knvi/pika v1.2.0 h1:3zpYMUzDVkBqa6HikQHGj9T42kDpW5gaIej4g6Xh3S8=
github.com/knvi/pika v1.2.0/go.mod h1:y2zJhReDAo2G46K1qari+5ML0wmuEghq4SBpq3luedE=
github.com/mattn/go-colorable v0.1.13 h1:fFA4WZxdEF4tXPZVKMLwD8oUnCTTo08duU7wxecdEvA=
github.com/mattn/go-colorable v0.1.13/go.mod h1:7S9/ev0klgBDR4GtXTXX8a3vIGJpMovkB8vQcUbaXHg=
github.com/mattn/go-isatty v0.0.16/go.mod h1:kYGgaQfpe5nmfYZH+SKPsOc2e4SrIfOl2e/yFXSvRLM=
github.com/mattn/go-isatty v0.0.20 h1:xfD0iDuEKnDkl03q4limB+vH+GxLEtL/jb4xVJSWWEY=
github.com/mattn/go-isatty v0.0.20/go.mod h1:W+V8PltTTMOvKvAeJH7IuucS94S2C6jfK/D7dTCTo3Y=
github.com/mattn/go-runewidth v0.0.15 h1:UNAjwbU9l54TA3KzvqLGxwWjHmMgBUVhBiTjelZgg3U=
github.com/mattn/go-runewidth v0.0.15/go.mod h1:Jdepj2loyihRzMpdS35Xk/zdY8IAYHsh153qUoGf23w=
github.com/pmezard/go-difflib v1.0.0 h1:4DBwDE0NGyQoBHbLQYPwSUPoCMWR5BEzIk/f1lZbAQM=
github.com/pmezard/go-difflib v1.0.0/go.mod h1:iKH77koFhYxTK1pcRnkKkqfTogsbg7gZNVY4sRDYZ/4=
github.com/remyoudompheng/bigfft v0.0.0-20230129092748-24d4a6f8daec h1:W09IVJc94icq4NjY3clb7Lk8O1qJ8BdBEF8z0ibU0rE=
github.com/remyoudompheng/bigfft v0.0.0-20230129092748-24d4a6f8daec/go.mod h1:qqbHyh8v60DhA7CoWK5oRCqLrMHRGoxYCSS9EjAz6Eo=
github.com/rivo/uniseg v0.2.0 h1:S1pD9weZBuJdFmowNwbpi7BJ8TNftyUImj/0WQi72jY=
github.com/rivo/uniseg v0.2.0/go.mod h1:J6wj4VEh+S6ZtnVlnTBMWIodfgj8LQOQFoIToxlJtxc=
github.com/stretchr/testify v1.8.4 h1:CcVxjf3Q8PM0mHUKJCdn+eZZtm5yQwehR5yeSVQQcUk=
github.com/stretchr/testify v1.8.4/go.mod h1:sz/lmYIOXD/1dqDmKjjqLyZ2RngseejIcXlSw2iwfAo=
github.com/things-go/go-socks5 v0.0.4 h1:jMQjIc+qhD4z9cITOMnBiwo9dDmpGuXmBlkRFrl/qD0=
github.com/things-go/go-socks5 v0.0.4/go.mod h1:sh4K6WHrmHZpjxLTCHyYtXYH8OUuD+yZun41NomR1IQ=
github.com/valyala/bytebufferpool v1.0.0 h1:GqA5TC/0021Y/b9FG4Oi9Mr3q7XYx6KllzawFIhcdPw=
github.com/valyala/bytebufferpool v1.0.0/go.mod h1:6bBcMArwyJ5K/AmCkWv1jt77kVWyCJ6HpOuEn7z0Csc=
github.com/valyala/fasthttp v1.51.0 h1:8b30A5JlZ6C7AS81RsWjYMQmrZG6feChmgAolCl1SqA=
github.com/valyala/fasthttp v1.51.0/go.mod h1:oI2XroL+lI7vdXyYoQk03bXBThfFl2cVdIA3Xl7cH8g=
github.com/valyala/tcplisten v1.0.0 h1:rBHj/Xf+E1tRGZyWIWwJDiRY0zc1Js+CV5DqwacVSA8=
github.com/valyala/tcplisten v1.0.0/go.mod h1:T0xQ8SeCZGxckz9qRXTfG43PvQ/mcWh7FwZEA7Ioqkc=
golang.org/x/crypto v0.18.0 h1:PGVlW0xEltQnzFZ55hkuX5+KLyrMYhHld1YHO4AKcdc=
golang.org/x/crypto v0.18.0/go.mod h1:R0j02AL6hcrfOiy9T4ZYp/rcWeMxM3L6QYxlOuEG1mg=
golang.org/x/net v0.17.0 h1:pVaXccu2ozPjCXewfr1S7xza/zcXTity9cCdXQYSjIM=
golang.org/x/net v0.17.0/go.mod h1:NxSsAGuq816PNPmqtQdLE42eU2Fs7NoRIZrHJAlaCOE=
golang.org/x/sys v0.0.0-20220811171246-fbc7d0a398ab/go.mod h1:oPkhp1MJrh7nUepCBck5+mAzfO9JrbApNNgaTdGDITg=
golang.org/x/sys v0.6.0/go.mod h1:oPkhp1MJrh7nUepCBck5+mAzfO9JrbApNNgaTdGDITg=
golang.org/x/sys v0.16.0 h1:xWw16ngr6ZMtmxDyKyIgsE93KNKz5HKmMa3b8ALHidU=
golang.org/x/sys v0.16.0/go.mod h1:/VUhepiaJMQUp4+oa/7Zr1D23ma6VTLIYjOOTFZPUcA=
gopkg.in/yaml.v3 v3.0.1 h1:fxVm/GzAzEWqLHuvctI91KS9hhNmmWOoWu0XTYJS7CA=
gopkg.in/yaml.v3 v3.0.1/go.mod h1:K4uyk7z7BCEPqu6E+C64Yfv1cQ7kz7rIZviUmN+EgEM=
modernc.org/libc v1.37.6 h1:orZH3c5wmhIQFTXF+Nt+eeauyd+ZIt2BX6ARe+kD+aw=
modernc.org/libc v1.37.6/go.mod h1:YAXkAZ8ktnkCKaN9sw/UDeUVkGYJ/YquGO4FTi5nmHE=
modernc.org/mathutil v1.6.0 h1:fRe9+AmYlaej+64JsEEhoWuAYBkOtQiMEU7n/XgfYi4=
modernc.org/mathutil v1.6.0/go.mod h1:Ui5Q9q1TR2gFm0AQRqQUaBWFLAhQpCwNcuhBOSedWPo=
modernc.org/memory v1.7.2 h1:Klh90S215mmH8c9gO98QxQFsY+W451E8AnzjoE2ee1E=
modernc.org/memory v1.7.2/go.mod h1:NO4NVCQy0N7ln+T9ngWqOQfi7ley4vpwvARR+Hjw95E=
modernc.org/sqlite v1.28.0 h1:Zx+LyDDmXczNnEQdvPuEfcFVA2ZPyaD7UCZDjef3BHQ=
modernc.org/sqlite v1.28.0/go.mod h1:Qxpazz0zH8Z1xCFyi5GSL3FzbtZ3fvbjmywNogldEW0=
